
Microsoft Visual Studio Solution File, Format Version 12.00
# Visual Studio Version 17
VisualStudioVersion = 17.6.33829.357
MinimumVisualStudioVersion = 10.0.40219.1
Project("{FAE04EC0-301F-11D3-BF4B-00C04F79EFBC}") = "MyFirstApp", "MyFirstApp\MyFirstApp.csproj", "{29BCF44F-E63B-4E2C-B06B-226989AD9DA9}"
EndProject
Global
	GlobalSection(SolutionConfigurationPlatforms) = preSolution
		Debug|Any CPU = Debug|Any CPU
		Release|Any CPU = Release|Any CPU
	EndGlobalSection
	GlobalSection(ProjectConfigurationPlatforms) = postSolution
		{29BCF44F-E63B-4E2C-B06B-226989AD9DA9}.Debug|Any CPU.ActiveCfg = Debug|Any CPU
		{29BCF44F-E63B-4E2C-B06B-226989AD9DA9}.Debug|Any CPU.Build.0 = Debug|Any CPU
		{29BCF44F-E63B-4E2C-B06B-226989AD9DA9}.Release|Any CPU.ActiveCfg = Release|Any CPU
		{29BCF44F-E63B-4E2C-B06B-226989AD9DA9}.Release|Any CPU.Build.0 = Release|Any CPU
	EndGlobalSection
	GlobalSection(SolutionProperties) = preSolution
		HideSolutionNode = FALSE
	EndGlobalSection
	GlobalSection(ExtensibilityGlobals) = postSolution
		SolutionGuid = {808185C1-160B-4038-8F55-73A41BF62738}
	EndGlobalSection
EndGlobal
